
Microsoft Visual Studio Solution File, Format Version 12.00
# Visual Studio Version 16
VisualStudioVersion = 16.0.29709.97
MinimumVisualStudioVersion = 10.0.40219.1
Project("{FAE04EC0-301F-11D3-BF4B-00C04F79EFBC}") = "22_09_yapPract1zadan2", "22_09_yapPract1zadan2\22_09_yapPract1zadan2.csproj", "{FC856C19-3D7C-454C-91A6-14E911EE8670}"
EndProject
Global
	GlobalSection(SolutionConfigurationPlatforms) = preSolution
		Debug|Any CPU = Debug|Any CPU
		Release|Any CPU = Release|Any CPU
	EndGlobalSection
	GlobalSection(ProjectConfigurationPlatforms) = postSolution
		{FC856C19-3D7C-454C-91A6-14E911EE8670}.Debug|Any CPU.ActiveCfg = Debug|Any CPU
		{FC856C19-3D7C-454C-91A6-14E911EE8670}.Debug|Any CPU.Build.0 = Debug|Any CPU
		{FC856C19-3D7C-454C-91A6-14E911EE8670}.Release|Any CPU.ActiveCfg = Release|Any CPU
		{FC856C19-3D7C-454C-91A6-14E911EE8670}.Release|Any CPU.Build.0 = Release|Any CPU
	EndGlobalSection
	GlobalSection(SolutionProperties) = preSolution
		HideSolutionNode = FALSE
	EndGlobalSection
	GlobalSection(ExtensibilityGlobals) = postSolution
		SolutionGuid = {9934BC28-652D-412D-B2A8-A095D8C492F7}
	EndGlobalSection
EndGlobal
