
Microsoft Visual Studio Solution File, Format Version 12.00
# Visual Studio Version 16
VisualStudioVersion = 16.0.29709.97
MinimumVisualStudioVersion = 10.0.40219.1
Project("{FAE04EC0-301F-11D3-BF4B-00C04F79EFBC}") = "kurzaev_09_02_2pract", "kurzaev_09_02_2pract\kurzaev_09_02_2pract.csproj", "{DE2082FF-E2C5-40C3-949C-907ED69C195C}"
EndProject
Global
	GlobalSection(SolutionConfigurationPlatforms) = preSolution
		Debug|Any CPU = Debug|Any CPU
		Release|Any CPU = Release|Any CPU
	EndGlobalSection
	GlobalSection(ProjectConfigurationPlatforms) = postSolution
		{DE2082FF-E2C5-40C3-949C-907ED69C195C}.Debug|Any CPU.ActiveCfg = Debug|Any CPU
		{DE2082FF-E2C5-40C3-949C-907ED69C195C}.Debug|Any CPU.Build.0 = Debug|Any CPU
		{DE2082FF-E2C5-40C3-949C-907ED69C195C}.Release|Any CPU.ActiveCfg = Release|Any CPU
		{DE2082FF-E2C5-40C3-949C-907ED69C195C}.Release|Any CPU.Build.0 = Release|Any CPU
	EndGlobalSection
	GlobalSection(SolutionProperties) = preSolution
		HideSolutionNode = FALSE
	EndGlobalSection
	GlobalSection(ExtensibilityGlobals) = postSolution
		SolutionGuid = {A21A1671-0839-418E-8460-50EEE0DCFC76}
	EndGlobalSection
EndGlobal
