
Microsoft Visual Studio Solution File, Format Version 12.00
# Visual Studio Version 16
VisualStudioVersion = 16.0.29709.97
MinimumVisualStudioVersion = 10.0.40219.1
Project("{FAE04EC0-301F-11D3-BF4B-00C04F79EFBC}") = "BasicColletcion", "BasicColletcion\BasicColletcion.csproj", "{429C728E-6CBC-4116-9979-A9E1BFD3F71B}"
EndProject
Global
	GlobalSection(SolutionConfigurationPlatforms) = preSolution
		Debug|Any CPU = Debug|Any CPU
		Release|Any CPU = Release|Any CPU
	EndGlobalSection
	GlobalSection(ProjectConfigurationPlatforms) = postSolution
		{429C728E-6CBC-4116-9979-A9E1BFD3F71B}.Debug|Any CPU.ActiveCfg = Debug|Any CPU
		{429C728E-6CBC-4116-9979-A9E1BFD3F71B}.Debug|Any CPU.Build.0 = Debug|Any CPU
		{429C728E-6CBC-4116-9979-A9E1BFD3F71B}.Release|Any CPU.ActiveCfg = Release|Any CPU
		{429C728E-6CBC-4116-9979-A9E1BFD3F71B}.Release|Any CPU.Build.0 = Release|Any CPU
	EndGlobalSection
	GlobalSection(SolutionProperties) = preSolution
		HideSolutionNode = FALSE
	EndGlobalSection
	GlobalSection(ExtensibilityGlobals) = postSolution
		SolutionGuid = {C3A2A0AC-0827-4220-8CA7-0CF683A286E7}
	EndGlobalSection
EndGlobal
